// !$*UTF8*$!
{
	archiveVersion = 1;
	classes = {
	};
	objectVersion = 56;
	objects = {

/* Begin PBXBuildFile section */
		8412DBF22FBF56E700574337 /* AppDelegate.swift in Sources */ = {isa = PBXBuildFile; fileRef = 8412DBF12FBF56E700574337 /* AppDelegate.swift */; };
		8412DBF42FBF56E700574337 /* SceneDelegate.swift in Sources */ = {isa = PBXBuildFile; fileRef = 8412DBF32FBF56E700574337 /* SceneDelegate.swift */; };
		8412DBF62FBF56E700574337 /* RMTabBarViewController.swift in Sources */ = {isa = PBXBuildFile; fileRef = 8412DBF52FBF56E700574337 /* RMTabBarViewController.swift */; };
		8412DBFB2FBF56F000574337 /* Assets.xcassets in Resources */ = {isa = PBXBuildFile; fileRef = 8412DBFA2FBF56F000574337 /* Assets.xcassets */; };
		8412DBFE2FBF56F000574337 /* LaunchScreen.storyboard in Resources */ = {isa = PBXBuildFile; fileRef = 8412DBFC2FBF56F000574337 /* LaunchScreen.storyboard */; };
		8412DC0E2FC038F500574337 /* RMLocation.swift in Sources */ = {isa = PBXBuildFile; fileRef = 8412DC0D2FC038F500574337 /* RMLocation.swift */; };
		8412DC102FC0390100574337 /* RMCharacter.swift in Sources */ = {isa = PBXBuildFile; fileRef = 8412DC0F2FC0390100574337 /* RMCharacter.swift */; };
		8412DC122FC0391500574337 /* RMEpisode.swift in Sources */ = {isa = PBXBuildFile; fileRef = 8412DC112FC0391500574337 /* RMEpisode.swift */; };
		8412DC152FC03B4900574337 /* RMCharacterViewController.swift in Sources */ = {isa = PBXBuildFile; fileRef = 8412DC142FC03B4900574337 /* RMCharacterViewController.swift */; };
		8412DC172FC03B6700574337 /* RMLocationViewController.swift in Sources */ = {isa = PBXBuildFile; fileRef = 8412DC162FC03B6700574337 /* RMLocationViewController.swift */; };
		8412DC192FC03B7A00574337 /* RMEpisodeViewController.swift in Sources */ = {isa = PBXBuildFile; fileRef = 8412DC182FC03B7A00574337 /* RMEpisodeViewController.swift */; };
		8412DC1B2FC03B9800574337 /* RMSettingsViewController.swift in Sources */ = {isa = PBXBuildFile; fileRef = 8412DC1A2FC03B9800574337 /* RMSettingsViewController.swift */; };
		84412AF42FC3EE5B006F6160 /*  RMCharacterCollectionViewCell.swift in Sources */ = {isa = PBXBuildFile; fileRef = 84412AF32FC3EE5B006F6160 /*  RMCharacterCollectionViewCell.swift */; };
		84412AF62FC3F027006F6160 /* RMCharacterCollectionViewCellViewModel.swift in Sources */ = {isa = PBXBuildFile; fileRef = 84412AF52FC3F027006F6160 /* RMCharacterCollectionViewCellViewModel.swift */; };
		84B22B162FCAB488003158C2 /* RMCharacterDetailViewController.swift in Sources */ = {isa = PBXBuildFile; fileRef = 84B22B152FCAB488003158C2 /* RMCharacterDetailViewController.swift */; };
		84B22B182FCAB526003158C2 /* RMCharacterDetailView.swift in Sources */ = {isa = PBXBuildFile; fileRef = 84B22B172FCAB526003158C2 /* RMCharacterDetailView.swift */; };
		84B22B1A2FCAB553003158C2 /* RMCharacterDetailViewViewModel.swift in Sources */ = {isa = PBXBuildFile; fileRef = 84B22B192FCAB553003158C2 /* RMCharacterDetailViewViewModel.swift */; };
		84B2FC7D2FC07C3900FBE91B /* RMService.swift in Sources */ = {isa = PBXBuildFile; fileRef = 84B2FC7C2FC07C3900FBE91B /* RMService.swift */; };
		84B2FC7F2FC07C4600FBE91B /* RMRequest.swift in Sources */ = {isa = PBXBuildFile; fileRef = 84B2FC7E2FC07C4600FBE91B /* RMRequest.swift */; };
		84B2FC812FC07D0E00FBE91B /* RMEndpoint.swift in Sources */ = {isa = PBXBuildFile; fileRef = 84B2FC802FC07D0E00FBE91B /* RMEndpoint.swift */; };
		84B2FC832FC13A0F00FBE91B /* RMOrigin.swift in Sources */ = {isa = PBXBuildFile; fileRef = 84B2FC822FC13A0F00FBE91B /* RMOrigin.swift */; };
		84B2FC852FC13A9700FBE91B /* RMSingleLocation.swift in Sources */ = {isa = PBXBuildFile; fileRef = 84B2FC842FC13A9700FBE91B /* RMSingleLocation.swift */; };
		84B2FC872FC13BBE00FBE91B /* RMCharacterStatus.swift in Sources */ = {isa = PBXBuildFile; fileRef = 84B2FC862FC13BBE00FBE91B /* RMCharacterStatus.swift */; };
		84B2FC892FC13C0100FBE91B /* RMCharacterGender.swift in Sources */ = {isa = PBXBuildFile; fileRef = 84B2FC882FC13C0100FBE91B /* RMCharacterGender.swift */; };
		84B2FC8D2FC17DDE00FBE91B /* RMGetAllCharactersResponse.swift in Sources */ = {isa = PBXBuildFile; fileRef = 84B2FC8C2FC17DDE00FBE91B /* RMGetAllCharactersResponse.swift */; };
		84B2FC8F2FC184F000FBE91B /* RMCharacterListViewViewModel.swift in Sources */ = {isa = PBXBuildFile; fileRef = 84B2FC8E2FC184F000FBE91B /* RMCharacterListViewViewModel.swift */; };
		84B2FC912FC1856B00FBE91B /* RMCharacterListView.swift in Sources */ = {isa = PBXBuildFile; fileRef = 84B2FC902FC1856B00FBE91B /* RMCharacterListView.swift */; };
		84B2FC932FC189AA00FBE91B /* Extensions.swift in Sources */ = {isa = PBXBuildFile; fileRef = 84B2FC922FC189AA00FBE91B /* Extensions.swift */; };
/* End PBXBuildFile section */

/* Begin PBXFileReference section */
		8412DBEE2FBF56E700574337 /* RickAndMorty.app */ = {isa = PBXFileReference; explicitFileType = wrapper.application; includeInIndex = 0; path = RickAndMorty.app; sourceTree = BUILT_PRODUCTS_DIR; };
		8412DBF12FBF56E700574337 /* AppDelegate.swift */ = {isa = PBXFileReference; lastKnownFileType = sourcecode.swift; path = AppDelegate.swift; sourceTree = "<group>"; };
		8412DBF32FBF56E700574337 /* SceneDelegate.swift */ = {isa = PBXFileReference; lastKnownFileType = sourcecode.swift; path = SceneDelegate.swift; sourceTree = "<group>"; };
		8412DBF52FBF56E700574337 /* RMTabBarViewController.swift */ = {isa = PBXFileReference; lastKnownFileType = sourcecode.swift; path = RMTabBarViewController.swift; sourceTree = "<group>"; };
		8412DBFA2FBF56F000574337 /* Assets.xcassets */ = {isa = PBXFileReference; lastKnownFileType = folder.assetcatalog; path = Assets.xcassets; sourceTree = "<group>"; };
		8412DBFD2FBF56F000574337 /* Base */ = {isa = PBXFileReference; lastKnownFileType = file.storyboard; name = Base; path = Base.lproj/LaunchScreen.storyboard; sourceTree = "<group>"; };
		8412DBFF2FBF56F000574337 /* Info.plist */ = {isa = PBXFileReference; lastKnownFileType = text.plist.xml; path = Info.plist; sourceTree = "<group>"; };
		8412DC0D2FC038F500574337 /* RMLocation.swift */ = {isa = PBXFileReference; lastKnownFileType = sourcecode.swift; path = RMLocation.swift; sourceTree = "<group>"; };
		8412DC0F2FC0390100574337 /* RMCharacter.swift */ = {isa = PBXFileReference; lastKnownFileType = sourcecode.swift; path = RMCharacter.swift; sourceTree = "<group>"; };
		8412DC112FC0391500574337 /* RMEpisode.swift */ = {isa = PBXFileReference; lastKnownFileType = sourcecode.swift; path = RMEpisode.swift; sourceTree = "<group>"; };
		8412DC142FC03B4900574337 /* RMCharacterViewController.swift */ = {isa = PBXFileReference; lastKnownFileType = sourcecode.swift; path = RMCharacterViewController.swift; sourceTree = "<group>"; };
		8412DC162FC03B6700574337 /* RMLocationViewController.swift */ = {isa = PBXFileReference; lastKnownFileType = sourcecode.swift; path = RMLocationViewController.swift; sourceTree = "<group>"; };
		8412DC182FC03B7A00574337 /* RMEpisodeViewController.swift */ = {isa = PBXFileReference; lastKnownFileType = sourcecode.swift; path = RMEpisodeViewController.swift; sourceTree = "<group>"; };
		8412DC1A2FC03B9800574337 /* RMSettingsViewController.swift */ = {isa = PBXFileReference; lastKnownFileType = sourcecode.swift; path = RMSettingsViewController.swift; sourceTree = "<group>"; };
		84412AF32FC3EE5B006F6160 /*  RMCharacterCollectionViewCell.swift */ = {isa = PBXFileReference; lastKnownFileType = sourcecode.swift; path = " RMCharacterCollectionViewCell.swift"; sourceTree = "<group>"; };
		84412AF52FC3F027006F6160 /* RMCharacterCollectionViewCellViewModel.swift */ = {isa = PBXFileReference; lastKnownFileType = sourcecode.swift; path = RMCharacterCollectionViewCellViewModel.swift; sourceTree = "<group>"; };
		84B22B152FCAB488003158C2 /* RMCharacterDetailViewController.swift */ = {isa = PBXFileReference; lastKnownFileType = sourcecode.swift; path = RMCharacterDetailViewController.swift; sourceTree = "<group>"; };
		84B22B172FCAB526003158C2 /* RMCharacterDetailView.swift */ = {isa = PBXFileReference; lastKnownFileType = sourcecode.swift; path = RMCharacterDetailView.swift; sourceTree = "<group>"; };
		84B22B192FCAB553003158C2 /* RMCharacterDetailViewViewModel.swift */ = {isa = PBXFileReference; lastKnownFileType = sourcecode.swift; path = RMCharacterDetailViewViewModel.swift; sourceTree = "<group>"; };
		84B2FC7C2FC07C3900FBE91B /* RMService.swift */ = {isa = PBXFileReference; lastKnownFileType = sourcecode.swift; path = RMService.swift; sourceTree = "<group>"; };
		84B2FC7E2FC07C4600FBE91B /* RMRequest.swift */ = {isa = PBXFileReference; lastKnownFileType = sourcecode.swift; path = RMRequest.swift; sourceTree = "<group>"; };
		84B2FC802FC07D0E00FBE91B /* RMEndpoint.swift */ = {isa = PBXFileReference; lastKnownFileType = sourcecode.swift; path = RMEndpoint.swift; sourceTree = "<group>"; };
		84B2FC822FC13A0F00FBE91B /* RMOrigin.swift */ = {isa = PBXFileReference; lastKnownFileType = sourcecode.swift; path = RMOrigin.swift; sourceTree = "<group>"; };
		84B2FC842FC13A9700FBE91B /* RMSingleLocation.swift */ = {isa = PBXFileReference; lastKnownFileType = sourcecode.swift; path = RMSingleLocation.swift; sourceTree = "<group>"; };
		84B2FC862FC13BBE00FBE91B /* RMCharacterStatus.swift */ = {isa = PBXFileReference; lastKnownFileType = sourcecode.swift; path = RMCharacterStatus.swift; sourceTree = "<group>"; };
		84B2FC882FC13C0100FBE91B /* RMCharacterGender.swift */ = {isa = PBXFileReference; lastKnownFileType = sourcecode.swift; path = RMCharacterGender.swift; sourceTree = "<group>"; };
		84B2FC8C2FC17DDE00FBE91B /* RMGetAllCharactersResponse.swift */ = {isa = PBXFileReference; lastKnownFileType = sourcecode.swift; path = RMGetAllCharactersResponse.swift; sourceTree = "<group>"; };
		84B2FC8E2FC184F000FBE91B /* RMCharacterListViewViewModel.swift */ = {isa = PBXFileReference; lastKnownFileType = sourcecode.swift; path = RMCharacterListViewViewModel.swift; sourceTree = "<group>"; };
		84B2FC902FC1856B00FBE91B /* RMCharacterListView.swift */ = {isa = PBXFileReference; lastKnownFileType = sourcecode.swift; path = RMCharacterListView.swift; sourceTree = "<group>"; };
		84B2FC922FC189AA00FBE91B /* Extensions.swift */ = {isa = PBXFileReference; lastKnownFileType = sourcecode.swift; path = Extensions.swift; sourceTree = "<group>"; };
/* End PBXFileReference section */

/* Begin PBXFrameworksBuildPhase section */
		8412DBEB2FBF56E700574337 /* Frameworks */ = {
			isa = PBXFrameworksBuildPhase;
			buildActionMask = 2147483647;
			files = (
			);
			runOnlyForDeploymentPostprocessing = 0;
		};
/* End PBXFrameworksBuildPhase section */

/* Begin PBXGroup section */
		8412DBE52FBF56E700574337 = {
			isa = PBXGroup;
			children = (
				8412DBF02FBF56E700574337 /* RickAndMorty */,
				8412DBEF2FBF56E700574337 /* Products */,
			);
			sourceTree = "<group>";
		};
		8412DBEF2FBF56E700574337 /* Products */ = {
			isa = PBXGroup;
			children = (
				8412DBEE2FBF56E700574337 /* RickAndMorty.app */,
			);
			name = Products;
			sourceTree = "<group>";
		};
		8412DBF02FBF56E700574337 /* RickAndMorty */ = {
			isa = PBXGroup;
			children = (
				8412DC0B2FC0387700574337 /* Applications */,
				8412DC082FC0385100574337 /* Managers */,
				8412DC092FC0385B00574337 /* APIClient */,
				8412DC072FC0384A00574337 /* ViewModels */,
				8412DC062FC0384300574337 /* Views */,
				8412DC0C2FC038CB00574337 /* Models */,
				8412DC052FC0383F00574337 /* Controllers */,
				8412DC0A2FC0386600574337 /* Resources */,
				8412DBFF2FBF56F000574337 /* Info.plist */,
			);
			path = RickAndMorty;
			sourceTree = "<group>";
		};
		8412DC052FC0383F00574337 /* Controllers */ = {
			isa = PBXGroup;
			children = (
				8412DC132FC03B0000574337 /* Core */,
			);
			path = Controllers;
			sourceTree = "<group>";
		};
		8412DC062FC0384300574337 /* Views */ = {
			isa = PBXGroup;
			children = (
				84B2FC902FC1856B00FBE91B /* RMCharacterListView.swift */,
				84412AF32FC3EE5B006F6160 /*  RMCharacterCollectionViewCell.swift */,
				84B22B172FCAB526003158C2 /* RMCharacterDetailView.swift */,
			);
			path = Views;
			sourceTree = "<group>";
		};
		8412DC072FC0384A00574337 /* ViewModels */ = {
			isa = PBXGroup;
			children = (
				84B2FC8E2FC184F000FBE91B /* RMCharacterListViewViewModel.swift */,
				84412AF52FC3F027006F6160 /* RMCharacterCollectionViewCellViewModel.swift */,
				84B22B192FCAB553003158C2 /* RMCharacterDetailViewViewModel.swift */,
			);
			path = ViewModels;
			sourceTree = "<group>";
		};
		8412DC082FC0385100574337 /* Managers */ = {
			isa = PBXGroup;
			children = (
			);
			path = Managers;
			sourceTree = "<group>";
		};
		8412DC092FC0385B00574337 /* APIClient */ = {
			isa = PBXGroup;
			children = (
				84B2FC802FC07D0E00FBE91B /* RMEndpoint.swift */,
				84B2FC7C2FC07C3900FBE91B /* RMService.swift */,
				84B2FC7E2FC07C4600FBE91B /* RMRequest.swift */,
			);
			path = APIClient;
			sourceTree = "<group>";
		};
		8412DC0A2FC0386600574337 /* Resources */ = {
			isa = PBXGroup;
			children = (
				8412DBFA2FBF56F000574337 /* Assets.xcassets */,
				8412DBFC2FBF56F000574337 /* LaunchScreen.storyboard */,
				84B2FC922FC189AA00FBE91B /* Extensions.swift */,
			);
			path = Resources;
			sourceTree = "<group>";
		};
		8412DC0B2FC0387700574337 /* Applications */ = {
			isa = PBXGroup;
			children = (
				8412DBF12FBF56E700574337 /* AppDelegate.swift */,
				8412DBF32FBF56E700574337 /* SceneDelegate.swift */,
			);
			path = Applications;
			sourceTree = "<group>";
		};
		8412DC0C2FC038CB00574337 /* Models */ = {
			isa = PBXGroup;
			children = (
				84B2FC8B2FC17D8900FBE91B /* APIResponseTypes */,
				84B2FC8A2FC17D6A00FBE91B /* DataTypes */,
			);
			path = Models;
			sourceTree = "<group>";
		};
		8412DC132FC03B0000574337 /* Core */ = {
			isa = PBXGroup;
			children = (
				8412DBF52FBF56E700574337 /* RMTabBarViewController.swift */,
				8412DC142FC03B4900574337 /* RMCharacterViewController.swift */,
				84B22B152FCAB488003158C2 /* RMCharacterDetailViewController.swift */,
				8412DC162FC03B6700574337 /* RMLocationViewController.swift */,
				8412DC182FC03B7A00574337 /* RMEpisodeViewController.swift */,
				8412DC1A2FC03B9800574337 /* RMSettingsViewController.swift */,
			);
			path = Core;
			sourceTree = "<group>";
		};
		84B2FC8A2FC17D6A00FBE91B /* DataTypes */ = {
			isa = PBXGroup;
			children = (
				8412DC0D2FC038F500574337 /* RMLocation.swift */,
				8412DC0F2FC0390100574337 /* RMCharacter.swift */,
				8412DC112FC0391500574337 /* RMEpisode.swift */,
				84B2FC842FC13A9700FBE91B /* RMSingleLocation.swift */,
				84B2FC822FC13A0F00FBE91B /* RMOrigin.swift */,
				84B2FC862FC13BBE00FBE91B /* RMCharacterStatus.swift */,
				84B2FC882FC13C0100FBE91B /* RMCharacterGender.swift */,
			);
			path = DataTypes;
			sourceTree = "<group>";
		};
		84B2FC8B2FC17D8900FBE91B /* APIResponseTypes */ = {
			isa = PBXGroup;
			children = (
				84B2FC8C2FC17DDE00FBE91B /* RMGetAllCharactersResponse.swift */,
			);
			path = APIResponseTypes;
			sourceTree = "<group>";
		};
/* End PBXGroup section */

/* Begin PBXNativeTarget section */
		8412DBED2FBF56E700574337 /* RickAndMorty */ = {
			isa = PBXNativeTarget;
			buildConfigurationList = 8412DC022FBF56F000574337 /* Build configuration list for PBXNativeTarget "RickAndMorty" */;
			buildPhases = (
				8412DBEA2FBF56E700574337 /* Sources */,
				8412DBEB2FBF56E700574337 /* Frameworks */,
				8412DBEC2FBF56E700574337 /* Resources */,
			);
			buildRules = (
			);
			dependencies = (
			);
			name = RickAndMorty;
			productName = RickAndMorty;
			productReference = 8412DBEE2FBF56E700574337 /* RickAndMorty.app */;
			productType = "com.apple.product-type.application";
		};
/* End PBXNativeTarget section */

/* Begin PBXProject section */
		8412DBE62FBF56E700574337 /* Project object */ = {
			isa = PBXProject;
			attributes = {
				BuildIndependentTargetsInParallel = 1;
				LastSwiftUpdateCheck = 1420;
				LastUpgradeCheck = 1420;
				TargetAttributes = {
					8412DBED2FBF56E700574337 = {
						CreatedOnToolsVersion = 14.2;
					};
				};
			};
			buildConfigurationList = 8412DBE92FBF56E700574337 /* Build configuration list for PBXProject "RickAndMorty" */;
			compatibilityVersion = "Xcode 14.0";
			developmentRegion = en;
			hasScannedForEncodings = 0;
			knownRegions = (
				en,
				Base,
			);
			mainGroup = 8412DBE52FBF56E700574337;
			productRefGroup = 8412DBEF2FBF56E700574337 /* Products */;
			projectDirPath = "";
			projectRoot = "";
			targets = (
				8412DBED2FBF56E700574337 /* RickAndMorty */,
			);
		};
/* End PBXProject section */

/* Begin PBXResourcesBuildPhase section */
		8412DBEC2FBF56E700574337 /* Resources */ = {
			isa = PBXResourcesBuildPhase;
			buildActionMask = 2147483647;
			files = (
				8412DBFE2FBF56F000574337 /* LaunchScreen.storyboard in Resources */,
				8412DBFB2FBF56F000574337 /* Assets.xcassets in Resources */,
			);
			runOnlyForDeploymentPostprocessing = 0;
		};
/* End PBXResourcesBuildPhase section */

/* Begin PBXSourcesBuildPhase section */
		8412DBEA2FBF56E700574337 /* Sources */ = {
			isa = PBXSourcesBuildPhase;
			buildActionMask = 2147483647;
			files = (
				84B2FC832FC13A0F00FBE91B /* RMOrigin.swift in Sources */,
				84B22B1A2FCAB553003158C2 /* RMCharacterDetailViewViewModel.swift in Sources */,
				84B2FC852FC13A9700FBE91B /* RMSingleLocation.swift in Sources */,
				84B2FC912FC1856B00FBE91B /* RMCharacterListView.swift in Sources */,
				84B2FC8D2FC17DDE00FBE91B /* RMGetAllCharactersResponse.swift in Sources */,
				84B2FC872FC13BBE00FBE91B /* RMCharacterStatus.swift in Sources */,
				84B2FC892FC13C0100FBE91B /* RMCharacterGender.swift in Sources */,
				84B22B162FCAB488003158C2 /* RMCharacterDetailViewController.swift in Sources */,
				8412DC172FC03B6700574337 /* RMLocationViewController.swift in Sources */,
				8412DC122FC0391500574337 /* RMEpisode.swift in Sources */,
				8412DC0E2FC038F500574337 /* RMLocation.swift in Sources */,
				8412DC192FC03B7A00574337 /* RMEpisodeViewController.swift in Sources */,
				8412DC1B2FC03B9800574337 /* RMSettingsViewController.swift in Sources */,
				8412DBF62FBF56E700574337 /* RMTabBarViewController.swift in Sources */,
				8412DBF22FBF56E700574337 /* AppDelegate.swift in Sources */,
				84B2FC932FC189AA00FBE91B /* Extensions.swift in Sources */,
				84B22B182FCAB526003158C2 /* RMCharacterDetailView.swift in Sources */,
				84B2FC7D2FC07C3900FBE91B /* RMService.swift in Sources */,
				8412DC102FC0390100574337 /* RMCharacter.swift in Sources */,
				84B2FC812FC07D0E00FBE91B /* RMEndpoint.swift in Sources */,
				8412DBF42FBF56E700574337 /* SceneDelegate.swift in Sources */,
				84B2FC7F2FC07C4600FBE91B /* RMRequest.swift in Sources */,
				84412AF62FC3F027006F6160 /* RMCharacterCollectionViewCellViewModel.swift in Sources */,
				84B2FC8F2FC184F000FBE91B /* RMCharacterListViewViewModel.swift in Sources */,
				84412AF42FC3EE5B006F6160 /*  RMCharacterCollectionViewCell.swift in Sources */,
				8412DC152FC03B4900574337 /* RMCharacterViewController.swift in Sources */,
			);
			runOnlyForDeploymentPostprocessing = 0;
		};
/* End PBXSourcesBuildPhase section */

/* Begin PBXVariantGroup section */
		8412DBFC2FBF56F000574337 /* LaunchScreen.storyboard */ = {
			isa = PBXVariantGroup;
			children = (
				8412DBFD2FBF56F000574337 /* Base */,
			);
			name = LaunchScreen.storyboard;
			sourceTree = "<group>";
		};
/* End PBXVariantGroup section */

/* Begin XCBuildConfiguration section */
		8412DC002FBF56F000574337 /* Debug */ = {
			isa = XCBuildConfiguration;
			buildSettings = {
				ALWAYS_SEARCH_USER_PATHS = NO;
				CLANG_ANALYZER_NONNULL = YES;
				CLANG_ANALYZER_NUMBER_OBJECT_CONVERSION = YES_AGGRESSIVE;
				CLANG_CXX_LANGUAGE_STANDARD = "gnu++20";
				CLANG_ENABLE_MODULES = YES;
				CLANG_ENABLE_OBJC_ARC = YES;
				CLANG_ENABLE_OBJC_WEAK = YES;
				CLANG_WARN_BLOCK_CAPTURE_AUTORELEASING = YES;
				CLANG_WARN_BOOL_CONVERSION = YES;
				CLANG_WARN_COMMA = YES;
				CLANG_WARN_CONSTANT_CONVERSION = YES;
				CLANG_WARN_DEPRECATED_OBJC_IMPLEMENTATIONS = YES;
				CLANG_WARN_DIRECT_OBJC_ISA_USAGE = YES_ERROR;
				CLANG_WARN_DOCUMENTATION_COMMENTS = YES;
				CLANG_WARN_EMPTY_BODY = YES;
				CLANG_WARN_ENUM_CONVERSION = YES;
				CLANG_WARN_INFINITE_RECURSION = YES;
				CLANG_WARN_INT_CONVERSION = YES;
				CLANG_WARN_NON_LITERAL_NULL_CONVERSION = YES;
				CLANG_WARN_OBJC_IMPLICIT_RETAIN_SELF = YES;
				CLANG_WARN_OBJC_LITERAL_CONVERSION = YES;
				CLANG_WARN_OBJC_ROOT_CLASS = YES_ERROR;
				CLANG_WARN_QUOTED_INCLUDE_IN_FRAMEWORK_HEADER = YES;
				CLANG_WARN_RANGE_LOOP_ANALYSIS = YES;
				CLANG_WARN_STRICT_PROTOTYPES = YES;
				CLANG_WARN_SUSPICIOUS_MOVE = YES;
				CLANG_WARN_UNGUARDED_AVAILABILITY = YES_AGGRESSIVE;
				CLANG_WARN_UNREACHABLE_CODE = YES;
				CLANG_WARN__DUPLICATE_METHOD_MATCH = YES;
				COPY_PHASE_STRIP = NO;
				DEBUG_INFORMATION_FORMAT = dwarf;
				ENABLE_STRICT_OBJC_MSGSEND = YES;
				ENABLE_TESTABILITY = YES;
				GCC_C_LANGUAGE_STANDARD = gnu11;
				GCC_DYNAMIC_NO_PIC = NO;
				GCC_NO_COMMON_BLOCKS = YES;
				GCC_OPTIMIZATION_LEVEL = 0;
				GCC_PREPROCESSOR_DEFINITIONS = (
					"DEBUG=1",
					"$(inherited)",
				);
				GCC_WARN_64_TO_32_BIT_CONVERSION = YES;
				GCC_WARN_ABOUT_RETURN_TYPE = YES_ERROR;
				GCC_WARN_UNDECLARED_SELECTOR = YES;
				GCC_WARN_UNINITIALIZED_AUTOS = YES_AGGRESSIVE;
				GCC_WARN_UNUSED_FUNCTION = YES;
				GCC_WARN_UNUSED_VARIABLE = YES;
				IPHONEOS_DEPLOYMENT_TARGET = 16.2;
				MTL_ENABLE_DEBUG_INFO = INCLUDE_SOURCE;
				MTL_FAST_MATH = YES;
				ONLY_ACTIVE_ARCH = YES;
				SDKROOT = iphoneos;
				SWIFT_ACTIVE_COMPILATION_CONDITIONS = DEBUG;
				SWIFT_OPTIMIZATION_LEVEL = "-Onone";
			};
			name = Debug;
		};
		8412DC012FBF56F000574337 /* Release */ = {
			isa = XCBuildConfiguration;
			buildSettings = {
				ALWAYS_SEARCH_USER_PATHS = NO;
				CLANG_ANALYZER_NONNULL = YES;
				CLANG_ANALYZER_NUMBER_OBJECT_CONVERSION = YES_AGGRESSIVE;
				CLANG_CXX_LANGUAGE_STANDARD = "gnu++20";
				CLANG_ENABLE_MODULES = YES;
				CLANG_ENABLE_OBJC_ARC = YES;
				CLANG_ENABLE_OBJC_WEAK = YES;
				CLANG_WARN_BLOCK_CAPTURE_AUTORELEASING = YES;
				CLANG_WARN_BOOL_CONVERSION = YES;
				CLANG_WARN_COMMA = YES;
				CLANG_WARN_CONSTANT_CONVERSION = YES;
				CLANG_WARN_DEPRECATED_OBJC_IMPLEMENTATIONS = YES;
				CLANG_WARN_DIRECT_OBJC_ISA_USAGE = YES_ERROR;
				CLANG_WARN_DOCUMENTATION_COMMENTS = YES;
				CLANG_WARN_EMPTY_BODY = YES;
				CLANG_WARN_ENUM_CONVERSION = YES;
				CLANG_WARN_INFINITE_RECURSION = YES;
				CLANG_WARN_INT_CONVERSION = YES;
				CLANG_WARN_NON_LITERAL_NULL_CONVERSION = YES;
				CLANG_WARN_OBJC_IMPLICIT_RETAIN_SELF = YES;
				CLANG_WARN_OBJC_LITERAL_CONVERSION = YES;
				CLANG_WARN_OBJC_ROOT_CLASS = YES_ERROR;
				CLANG_WARN_QUOTED_INCLUDE_IN_FRAMEWORK_HEADER = YES;
				CLANG_WARN_RANGE_LOOP_ANALYSIS = YES;
				CLANG_WARN_STRICT_PROTOTYPES = YES;
				CLANG_WARN_SUSPICIOUS_MOVE = YES;
				CLANG_WARN_UNGUARDED_AVAILABILITY = YES_AGGRESSIVE;
				CLANG_WARN_UNREACHABLE_CODE = YES;
				CLANG_WARN__DUPLICATE_METHOD_MATCH = YES;
				COPY_PHASE_STRIP = NO;
				DEBUG_INFORMATION_FORMAT = "dwarf-with-dsym";
				ENABLE_NS_ASSERTIONS = NO;
				ENABLE_STRICT_OBJC_MSGSEND = YES;
				GCC_C_LANGUAGE_STANDARD = gnu11;
				GCC_NO_COMMON_BLOCKS = YES;
				GCC_WARN_64_TO_32_BIT_CONVERSION = YES;
				GCC_WARN_ABOUT_RETURN_TYPE = YES_ERROR;
				GCC_WARN_UNDECLARED_SELECTOR = YES;
				GCC_WARN_UNINITIALIZED_AUTOS = YES_AGGRESSIVE;
				GCC_WARN_UNUSED_FUNCTION = YES;
				GCC_WARN_UNUSED_VARIABLE = YES;
				IPHONEOS_DEPLOYMENT_TARGET = 16.2;
				MTL_ENABLE_DEBUG_INFO = NO;
				MTL_FAST_MATH = YES;
				SDKROOT = iphoneos;
				SWIFT_COMPILATION_MODE = wholemodule;
				SWIFT_OPTIMIZATION_LEVEL = "-O";
				VALIDATE_PRODUCT = YES;
			};
			name = Release;
		};
		8412DC032FBF56F000574337 /* Debug */ = {
			isa = XCBuildConfiguration;
			buildSettings = {
				ASSETCATALOG_COMPILER_APPICON_NAME = AppIcon;
				ASSETCATALOG_COMPILER_GLOBAL_ACCENT_COLOR_NAME = AccentColor;
				CODE_SIGN_STYLE = Automatic;
				CURRENT_PROJECT_VERSION = 1;
				DEVELOPMENT_TEAM = HG22Y54574;
				GENERATE_INFOPLIST_FILE = YES;
				INFOPLIST_FILE = RickAndMorty/Info.plist;
				INFOPLIST_KEY_UIApplicationSupportsIndirectInputEvents = YES;
				INFOPLIST_KEY_UILaunchStoryboardName = LaunchScreen;
				INFOPLIST_KEY_UISupportedInterfaceOrientations_iPad = "UIInterfaceOrientationPortrait UIInterfaceOrientationPortraitUpsideDown UIInterfaceOrientationLandscapeLeft UIInterfaceOrientationLandscapeRight";
				INFOPLIST_KEY_UISupportedInterfaceOrientations_iPhone = "UIInterfaceOrientationPortrait UIInterfaceOrientationLandscapeLeft UIInterfaceOrientationLandscapeRight";
				LD_RUNPATH_SEARCH_PATHS = (
					"$(inherited)",
					"@executable_path/Frameworks",
				);
				MARKETING_VERSION = 1.0;
				PRODUCT_BUNDLE_IDENTIFIER = AnnaSozontova.RickAndMorty;
				PRODUCT_NAME = "$(TARGET_NAME)";
				SUPPORTED_PLATFORMS = "iphoneos iphonesimulator";
				SUPPORTS_MACCATALYST = NO;
				SUPPORTS_MAC_DESIGNED_FOR_IPHONE_IPAD = NO;
				SWIFT_EMIT_LOC_STRINGS = YES;
				SWIFT_VERSION = 5.0;
				TARGETED_DEVICE_FAMILY = 1;
			};
			name = Debug;
		};
		8412DC042FBF56F000574337 /* Release */ = {
			isa = XCBuildConfiguration;
			buildSettings = {
				ASSETCATALOG_COMPILER_APPICON_NAME = AppIcon;
				ASSETCATALOG_COMPILER_GLOBAL_ACCENT_COLOR_NAME = AccentColor;
				CODE_SIGN_STYLE = Automatic;
				CURRENT_PROJECT_VERSION = 1;
				DEVELOPMENT_TEAM = HG22Y54574;
				GENERATE_INFOPLIST_FILE = YES;
				INFOPLIST_FILE = RickAndMorty/Info.plist;
				INFOPLIST_KEY_UIApplicationSupportsIndirectInputEvents = YES;
				INFOPLIST_KEY_UILaunchStoryboardName = LaunchScreen;
				INFOPLIST_KEY_UISupportedInterfaceOrientations_iPad = "UIInterfaceOrientationPortrait UIInterfaceOrientationPortraitUpsideDown UIInterfaceOrientationLandscapeLeft UIInterfaceOrientationLandscapeRight";
				INFOPLIST_KEY_UISupportedInterfaceOrientations_iPhone = "UIInterfaceOrientationPortrait UIInterfaceOrientationLandscapeLeft UIInterfaceOrientationLandscapeRight";
				LD_RUNPATH_SEARCH_PATHS = (
					"$(inherited)",
					"@executable_path/Frameworks",
				);
				MARKETING_VERSION = 1.0;
				PRODUCT_BUNDLE_IDENTIFIER = AnnaSozontova.RickAndMorty;
				PRODUCT_NAME = "$(TARGET_NAME)";
				SUPPORTED_PLATFORMS = "iphoneos iphonesimulator";
				SUPPORTS_MACCATALYST = NO;
				SUPPORTS_MAC_DESIGNED_FOR_IPHONE_IPAD = NO;
				SWIFT_EMIT_LOC_STRINGS = YES;
				SWIFT_VERSION = 5.0;
				TARGETED_DEVICE_FAMILY = 1;
			};
			name = Release;
		};
/* End XCBuildConfiguration section */

/* Begin XCConfigurationList section */
		8412DBE92FBF56E700574337 /* Build configuration list for PBXProject "RickAndMorty" */ = {
			isa = XCConfigurationList;
			buildConfigurations = (
				8412DC002FBF56F000574337 /* Debug */,
				8412DC012FBF56F000574337 /* Release */,
			);
			defaultConfigurationIsVisible = 0;
			defaultConfigurationName = Release;
		};
		8412DC022FBF56F000574337 /* Build configuration list for PBXNativeTarget "RickAndMorty" */ = {
			isa = XCConfigurationList;
			buildConfigurations = (
				8412DC032FBF56F000574337 /* Debug */,
				8412DC042FBF56F000574337 /* Release */,
			);
			defaultConfigurationIsVisible = 0;
			defaultConfigurationName = Release;
		};
/* End XCConfigurationList section */
	};
	rootObject = 8412DBE62FBF56E700574337 /* Project object */;
}
